
Microsoft Visual Studio Solution File, Format Version 12.00
# Visual Studio Version 17
VisualStudioVersion = 17.12.35514.174
MinimumVisualStudioVersion = 10.0.40219.1
Project("{FAE04EC0-301F-11D3-BF4B-00C04F79EFBC}") = "Data", "Data\Data.csproj", "{CE9E8707-D07D-4D5E-AAB8-82DE63BE66B0}"
EndProject
Project("{FAE04EC0-301F-11D3-BF4B-00C04F79EFBC}") = "Presentation", "Presentation\Presentation.csproj", "{FB86D6DF-F13C-4537-88D2-F826AE03DE85}"
EndProject
Global
	GlobalSection(SolutionConfigurationPlatforms) = preSolution
		Debug|Any CPU = Debug|Any CPU
		Release|Any CPU = Release|Any CPU
	EndGlobalSection
	GlobalSection(ProjectConfigurationPlatforms) = postSolution
		{CE9E8707-D07D-4D5E-AAB8-82DE63BE66B0}.Debug|Any CPU.ActiveCfg = Debug|Any CPU
		{CE9E8707-D07D-4D5E-AAB8-82DE63BE66B0}.Debug|Any CPU.Build.0 = Debug|Any CPU
		{CE9E8707-D07D-4D5E-AAB8-82DE63BE66B0}.Release|Any CPU.ActiveCfg = Release|Any CPU
		{CE9E8707-D07D-4D5E-AAB8-82DE63BE66B0}.Release|Any CPU.Build.0 = Release|Any CPU
		{FB86D6DF-F13C-4537-88D2-F826AE03DE85}.Debug|Any CPU.ActiveCfg = Debug|Any CPU
		{FB86D6DF-F13C-4537-88D2-F826AE03DE85}.Debug|Any CPU.Build.0 = Debug|Any CPU
		{FB86D6DF-F13C-4537-88D2-F826AE03DE85}.Release|Any CPU.ActiveCfg = Release|Any CPU
		{FB86D6DF-F13C-4537-88D2-F826AE03DE85}.Release|Any CPU.Build.0 = Release|Any CPU
	EndGlobalSection
	GlobalSection(SolutionProperties) = preSolution
		HideSolutionNode = FALSE
	EndGlobalSection
EndGlobal
